
Microsoft Visual Studio Solution File, Format Version 12.00
Project("{FAE04EC0-301F-11D3-BF4B-00C04F79EFBC}") = "TicketMaster.ApiGateway", "TicketMaster.ApiGateway\TicketMaster.ApiGateway.csproj", "{F7900414-DEAE-4167-AE99-4421DEADF496}"
EndProject
Project("{2150E333-8FDC-42A3-9474-1A3956D46DE8}") = "Solution Items", "Solution Items", "{9392DB75-E286-47B2-827B-429060C7DD36}"
	ProjectSection(SolutionItems) = preProject
		compose.yaml = compose.yaml
	EndProjectSection
EndProject
Project("{FAE04EC0-301F-11D3-BF4B-00C04F79EFBC}") = "Bookings.Api", "Bookings.Api\Bookings.Api.csproj", "{8E99CC1F-9EA0-4EAB-9EAD-8F5CF1B7171E}"
EndProject
Project("{FAE04EC0-301F-11D3-BF4B-00C04F79EFBC}") = "Bookings.Sql", "Bookings.Sql\Bookings.Sql.csproj", "{6A9C8D92-AD69-45CD-9F2A-9F297AFB755D}"
EndProject
Project("{FAE04EC0-301F-11D3-BF4B-00C04F79EFBC}") = "Bookings.Domain", "Bookings.Domain\Bookings.Domain.csproj", "{7E7353E3-0896-44D5-A825-9C422B127B66}"
EndProject
Project("{2150E333-8FDC-42A3-9474-1A3956D46DE8}") = "BookingService", "BookingService", "{33934861-A0AB-4684-88CF-12460AADFF40}"
EndProject
Project("{2150E333-8FDC-42A3-9474-1A3956D46DE8}") = "EventService", "EventService", "{4D15E9DE-507F-4FD9-8951-BFC0A192D42A}"
EndProject
Project("{FAE04EC0-301F-11D3-BF4B-00C04F79EFBC}") = "Events.Api", "Events.Api\Events.Api.csproj", "{40A6BBAE-FDB5-4241-83DD-1D83943F0ED4}"
EndProject
Project("{FAE04EC0-301F-11D3-BF4B-00C04F79EFBC}") = "Events.Domain", "Events.Domain\Events.Domain.csproj", "{F69C7480-AB23-49A8-8681-B74BCDC81802}"
EndProject
Project("{FAE04EC0-301F-11D3-BF4B-00C04F79EFBC}") = "Events.Mongo", "Events.Mongo\Events.Mongo.csproj", "{8985EA95-8799-426E-B714-FC8F69D12773}"
EndProject
Project("{2150E333-8FDC-42A3-9474-1A3956D46DE8}") = "UserService", "UserService", "{62C4A06A-93EC-4160-A16D-989E8A86DCDA}"
EndProject
Project("{FAE04EC0-301F-11D3-BF4B-00C04F79EFBC}") = "Users.Api", "Users.Api\Users.Api.csproj", "{E09ADA0F-CE2A-483F-BDF9-315113DD1A3F}"
EndProject
Project("{FAE04EC0-301F-11D3-BF4B-00C04F79EFBC}") = "Events.Application", "Events.Application\Events.Application.csproj", "{27091990-CE5A-4D74-BEB2-39658DED99E5}"
EndProject
Project("{FAE04EC0-301F-11D3-BF4B-00C04F79EFBC}") = "Bookings.Application", "Bookings.Application\Bookings.Application.csproj", "{556A25B3-B74F-473A-97FC-C0C15525FF27}"
EndProject
Global
	GlobalSection(SolutionConfigurationPlatforms) = preSolution
		Debug|Any CPU = Debug|Any CPU
		Release|Any CPU = Release|Any CPU
	EndGlobalSection
	GlobalSection(ProjectConfigurationPlatforms) = postSolution
		{F7900414-DEAE-4167-AE99-4421DEADF496}.Debug|Any CPU.ActiveCfg = Debug|Any CPU
		{F7900414-DEAE-4167-AE99-4421DEADF496}.Debug|Any CPU.Build.0 = Debug|Any CPU
		{F7900414-DEAE-4167-AE99-4421DEADF496}.Release|Any CPU.ActiveCfg = Release|Any CPU
		{F7900414-DEAE-4167-AE99-4421DEADF496}.Release|Any CPU.Build.0 = Release|Any CPU
		{8E99CC1F-9EA0-4EAB-9EAD-8F5CF1B7171E}.Debug|Any CPU.ActiveCfg = Debug|Any CPU
		{8E99CC1F-9EA0-4EAB-9EAD-8F5CF1B7171E}.Debug|Any CPU.Build.0 = Debug|Any CPU
		{8E99CC1F-9EA0-4EAB-9EAD-8F5CF1B7171E}.Release|Any CPU.ActiveCfg = Release|Any CPU
		{8E99CC1F-9EA0-4EAB-9EAD-8F5CF1B7171E}.Release|Any CPU.Build.0 = Release|Any CPU
		{6A9C8D92-AD69-45CD-9F2A-9F297AFB755D}.Debug|Any CPU.ActiveCfg = Debug|Any CPU
		{6A9C8D92-AD69-45CD-9F2A-9F297AFB755D}.Debug|Any CPU.Build.0 = Debug|Any CPU
		{6A9C8D92-AD69-45CD-9F2A-9F297AFB755D}.Release|Any CPU.ActiveCfg = Release|Any CPU
		{6A9C8D92-AD69-45CD-9F2A-9F297AFB755D}.Release|Any CPU.Build.0 = Release|Any CPU
		{7E7353E3-0896-44D5-A825-9C422B127B66}.Debug|Any CPU.ActiveCfg = Debug|Any CPU
		{7E7353E3-0896-44D5-A825-9C422B127B66}.Debug|Any CPU.Build.0 = Debug|Any CPU
		{7E7353E3-0896-44D5-A825-9C422B127B66}.Release|Any CPU.ActiveCfg = Release|Any CPU
		{7E7353E3-0896-44D5-A825-9C422B127B66}.Release|Any CPU.Build.0 = Release|Any CPU
		{40A6BBAE-FDB5-4241-83DD-1D83943F0ED4}.Debug|Any CPU.ActiveCfg = Debug|Any CPU
		{40A6BBAE-FDB5-4241-83DD-1D83943F0ED4}.Debug|Any CPU.Build.0 = Debug|Any CPU
		{40A6BBAE-FDB5-4241-83DD-1D83943F0ED4}.Release|Any CPU.ActiveCfg = Release|Any CPU
		{40A6BBAE-FDB5-4241-83DD-1D83943F0ED4}.Release|Any CPU.Build.0 = Release|Any CPU
		{F69C7480-AB23-49A8-8681-B74BCDC81802}.Debug|Any CPU.ActiveCfg = Debug|Any CPU
		{F69C7480-AB23-49A8-8681-B74BCDC81802}.Debug|Any CPU.Build.0 = Debug|Any CPU
		{F69C7480-AB23-49A8-8681-B74BCDC81802}.Release|Any CPU.ActiveCfg = Release|Any CPU
		{F69C7480-AB23-49A8-8681-B74BCDC81802}.Release|Any CPU.Build.0 = Release|Any CPU
		{8985EA95-8799-426E-B714-FC8F69D12773}.Debug|Any CPU.ActiveCfg = Debug|Any CPU
		{8985EA95-8799-426E-B714-FC8F69D12773}.Debug|Any CPU.Build.0 = Debug|Any CPU
		{8985EA95-8799-426E-B714-FC8F69D12773}.Release|Any CPU.ActiveCfg = Release|Any CPU
		{8985EA95-8799-426E-B714-FC8F69D12773}.Release|Any CPU.Build.0 = Release|Any CPU
		{E09ADA0F-CE2A-483F-BDF9-315113DD1A3F}.Debug|Any CPU.ActiveCfg = Debug|Any CPU
		{E09ADA0F-CE2A-483F-BDF9-315113DD1A3F}.Debug|Any CPU.Build.0 = Debug|Any CPU
		{E09ADA0F-CE2A-483F-BDF9-315113DD1A3F}.Release|Any CPU.ActiveCfg = Release|Any CPU
		{E09ADA0F-CE2A-483F-BDF9-315113DD1A3F}.Release|Any CPU.Build.0 = Release|Any CPU
		{27091990-CE5A-4D74-BEB2-39658DED99E5}.Debug|Any CPU.ActiveCfg = Debug|Any CPU
		{27091990-CE5A-4D74-BEB2-39658DED99E5}.Debug|Any CPU.Build.0 = Debug|Any CPU
		{27091990-CE5A-4D74-BEB2-39658DED99E5}.Release|Any CPU.ActiveCfg = Release|Any CPU
		{27091990-CE5A-4D74-BEB2-39658DED99E5}.Release|Any CPU.Build.0 = Release|Any CPU
		{556A25B3-B74F-473A-97FC-C0C15525FF27}.Debug|Any CPU.ActiveCfg = Debug|Any CPU
		{556A25B3-B74F-473A-97FC-C0C15525FF27}.Debug|Any CPU.Build.0 = Debug|Any CPU
		{556A25B3-B74F-473A-97FC-C0C15525FF27}.Release|Any CPU.ActiveCfg = Release|Any CPU
		{556A25B3-B74F-473A-97FC-C0C15525FF27}.Release|Any CPU.Build.0 = Release|Any CPU
	EndGlobalSection
	GlobalSection(NestedProjects) = preSolution
		{7E7353E3-0896-44D5-A825-9C422B127B66} = {33934861-A0AB-4684-88CF-12460AADFF40}
		{8E99CC1F-9EA0-4EAB-9EAD-8F5CF1B7171E} = {33934861-A0AB-4684-88CF-12460AADFF40}
		{6A9C8D92-AD69-45CD-9F2A-9F297AFB755D} = {33934861-A0AB-4684-88CF-12460AADFF40}
		{40A6BBAE-FDB5-4241-83DD-1D83943F0ED4} = {4D15E9DE-507F-4FD9-8951-BFC0A192D42A}
		{F69C7480-AB23-49A8-8681-B74BCDC81802} = {4D15E9DE-507F-4FD9-8951-BFC0A192D42A}
		{8985EA95-8799-426E-B714-FC8F69D12773} = {4D15E9DE-507F-4FD9-8951-BFC0A192D42A}
		{E09ADA0F-CE2A-483F-BDF9-315113DD1A3F} = {62C4A06A-93EC-4160-A16D-989E8A86DCDA}
		{27091990-CE5A-4D74-BEB2-39658DED99E5} = {4D15E9DE-507F-4FD9-8951-BFC0A192D42A}
		{556A25B3-B74F-473A-97FC-C0C15525FF27} = {33934861-A0AB-4684-88CF-12460AADFF40}
	EndGlobalSection
EndGlobal
